
Microsoft Visual Studio Solution File, Format Version 12.00
# Visual Studio Version 17
VisualStudioVersion = 17.9.34728.123
MinimumVisualStudioVersion = 10.0.40219.1
Project("{FAE04EC0-301F-11D3-BF4B-00C04F79EFBC}") = "Grade_Calculator", "Grade_Calculator\Grade_Calculator.csproj", "{C48C7983-D35E-4401-AFFA-68343950B821}"
EndProject
Global
	GlobalSection(SolutionConfigurationPlatforms) = preSolution
		Debug|Any CPU = Debug|Any CPU
		Release|Any CPU = Release|Any CPU
	EndGlobalSection
	GlobalSection(ProjectConfigurationPlatforms) = postSolution
		{C48C7983-D35E-4401-AFFA-68343950B821}.Debug|Any CPU.ActiveCfg = Debug|Any CPU
		{C48C7983-D35E-4401-AFFA-68343950B821}.Debug|Any CPU.Build.0 = Debug|Any CPU
		{C48C7983-D35E-4401-AFFA-68343950B821}.Release|Any CPU.ActiveCfg = Release|Any CPU
		{C48C7983-D35E-4401-AFFA-68343950B821}.Release|Any CPU.Build.0 = Release|Any CPU
	EndGlobalSection
	GlobalSection(SolutionProperties) = preSolution
		HideSolutionNode = FALSE
	EndGlobalSection
	GlobalSection(ExtensibilityGlobals) = postSolution
		SolutionGuid = {A2831679-7AB1-400B-8139-AC520D3BEF41}
	EndGlobalSection
EndGlobal
